
Microsoft Visual Studio Solution File, Format Version 12.00
# Visual Studio Version 17
VisualStudioVersion = 17.8.34330.188
MinimumVisualStudioVersion = 10.0.40219.1
Project("{FAE04EC0-301F-11D3-BF4B-00C04F79EFBC}") = "HotelListing.API", "HotelListing.API\HotelListing.API.csproj", "{B3B7B789-258A-4A3F-A5BA-0895FD2E0BA1}"
EndProject
Project("{FAE04EC0-301F-11D3-BF4B-00C04F79EFBC}") = "HotelListing.MinimalAPI", "HotelListing.MinimalAPI\HotelListing.MinimalAPI.csproj", "{5ED6B16E-799F-4D8C-8E2B-2A8A73F15D72}"
EndProject
Global
	GlobalSection(SolutionConfigurationPlatforms) = preSolution
		Debug|Any CPU = Debug|Any CPU
		Release|Any CPU = Release|Any CPU
	EndGlobalSection
	GlobalSection(ProjectConfigurationPlatforms) = postSolution
		{B3B7B789-258A-4A3F-A5BA-0895FD2E0BA1}.Debug|Any CPU.ActiveCfg = Debug|Any CPU
		{B3B7B789-258A-4A3F-A5BA-0895FD2E0BA1}.Debug|Any CPU.Build.0 = Debug|Any CPU
		{B3B7B789-258A-4A3F-A5BA-0895FD2E0BA1}.Release|Any CPU.ActiveCfg = Release|Any CPU
		{B3B7B789-258A-4A3F-A5BA-0895FD2E0BA1}.Release|Any CPU.Build.0 = Release|Any CPU
		{5ED6B16E-799F-4D8C-8E2B-2A8A73F15D72}.Debug|Any CPU.ActiveCfg = Debug|Any CPU
		{5ED6B16E-799F-4D8C-8E2B-2A8A73F15D72}.Debug|Any CPU.Build.0 = Debug|Any CPU
		{5ED6B16E-799F-4D8C-8E2B-2A8A73F15D72}.Release|Any CPU.ActiveCfg = Release|Any CPU
		{5ED6B16E-799F-4D8C-8E2B-2A8A73F15D72}.Release|Any CPU.Build.0 = Release|Any CPU
	EndGlobalSection
	GlobalSection(SolutionProperties) = preSolution
		HideSolutionNode = FALSE
	EndGlobalSection
	GlobalSection(ExtensibilityGlobals) = postSolution
		SolutionGuid = {820FDDA6-0F84-4B5A-A4C6-FABB73AF1A25}
	EndGlobalSection
EndGlobal
